
Microsoft Visual Studio Solution File, Format Version 12.00
# Visual Studio Version 17
VisualStudioVersion = 17.9.34607.119
MinimumVisualStudioVersion = 10.0.40219.1
Project("{FAE04EC0-301F-11D3-BF4B-00C04F79EFBC}") = "WebApplication1", "WebApplication1\WebApplication1.csproj", "{840F3117-1892-48AD-B516-00D035B078DB}"
EndProject
Global
	GlobalSection(SolutionConfigurationPlatforms) = preSolution
		Debug|Any CPU = Debug|Any CPU
		Release|Any CPU = Release|Any CPU
	EndGlobalSection
	GlobalSection(ProjectConfigurationPlatforms) = postSolution
		{840F3117-1892-48AD-B516-00D035B078DB}.Debug|Any CPU.ActiveCfg = Debug|Any CPU
		{840F3117-1892-48AD-B516-00D035B078DB}.Debug|Any CPU.Build.0 = Debug|Any CPU
		{840F3117-1892-48AD-B516-00D035B078DB}.Release|Any CPU.ActiveCfg = Release|Any CPU
		{840F3117-1892-48AD-B516-00D035B078DB}.Release|Any CPU.Build.0 = Release|Any CPU
	EndGlobalSection
	GlobalSection(SolutionProperties) = preSolution
		HideSolutionNode = FALSE
	EndGlobalSection
	GlobalSection(ExtensibilityGlobals) = postSolution
		SolutionGuid = {02A3A6F3-6845-4CBC-BB87-102E0F2C9832}
	EndGlobalSection
EndGlobal
